{
  "requires": true,
  "lockfileVersion": 1,
  "dependencies": {
    "phaser-percent-bar": {
      "version": "1.1.5",
      "resolved": "https://registry.npmjs.org/phaser-percent-bar/-/phaser-percent-bar-1.1.5.tgz",
      "integrity": "sha512-C7lPsUdbQNLd0yWWwMktyOsdMzPjXC7r3WOeEXSilKaog+cyOAgPQ8XqGl4t8eWDOuWfRNh0WaEZBQGPpOErSA=="
    }
  }
}
